
Microsoft Visual Studio Solution File, Format Version 12.00
# Visual Studio Version 16
VisualStudioVersion = 16.0.31410.357
MinimumVisualStudioVersion = 10.0.40219.1
Project("{FAE04EC0-301F-11D3-BF4B-00C04F79EFBC}") = "WebApi", "WebApi\WebApi.csproj", "{B7291FB5-9E91-45D7-B8EC-D1AA4D1D84DC}"
EndProject
Project("{FAE04EC0-301F-11D3-BF4B-00C04F79EFBC}") = "BusinessLogic", "BusinessLogic\BusinessLogic.csproj", "{E442F566-9F6F-45DE-90D7-64453E471A6C}"
EndProject
Project("{FAE04EC0-301F-11D3-BF4B-00C04F79EFBC}") = "Core", "Core\Core.csproj", "{18820D17-8CF3-495F-A1F1-221F22751796}"
EndProject
Global
	GlobalSection(SolutionConfigurationPlatforms) = preSolution
		Debug|Any CPU = Debug|Any CPU
		Release|Any CPU = Release|Any CPU
	EndGlobalSection
	GlobalSection(ProjectConfigurationPlatforms) = postSolution
		{B7291FB5-9E91-45D7-B8EC-D1AA4D1D84DC}.Debug|Any CPU.ActiveCfg = Debug|Any CPU
		{B7291FB5-9E91-45D7-B8EC-D1AA4D1D84DC}.Debug|Any CPU.Build.0 = Debug|Any CPU
		{B7291FB5-9E91-45D7-B8EC-D1AA4D1D84DC}.Release|Any CPU.ActiveCfg = Release|Any CPU
		{B7291FB5-9E91-45D7-B8EC-D1AA4D1D84DC}.Release|Any CPU.Build.0 = Release|Any CPU
		{E442F566-9F6F-45DE-90D7-64453E471A6C}.Debug|Any CPU.ActiveCfg = Debug|Any CPU
		{E442F566-9F6F-45DE-90D7-64453E471A6C}.Debug|Any CPU.Build.0 = Debug|Any CPU
		{E442F566-9F6F-45DE-90D7-64453E471A6C}.Release|Any CPU.ActiveCfg = Release|Any CPU
		{E442F566-9F6F-45DE-90D7-64453E471A6C}.Release|Any CPU.Build.0 = Release|Any CPU
		{18820D17-8CF3-495F-A1F1-221F22751796}.Debug|Any CPU.ActiveCfg = Debug|Any CPU
		{18820D17-8CF3-495F-A1F1-221F22751796}.Debug|Any CPU.Build.0 = Debug|Any CPU
		{18820D17-8CF3-495F-A1F1-221F22751796}.Release|Any CPU.ActiveCfg = Release|Any CPU
		{18820D17-8CF3-495F-A1F1-221F22751796}.Release|Any CPU.Build.0 = Release|Any CPU
	EndGlobalSection
	GlobalSection(SolutionProperties) = preSolution
		HideSolutionNode = FALSE
	EndGlobalSection
	GlobalSection(ExtensibilityGlobals) = postSolution
		SolutionGuid = {47B80ECA-A41A-43D5-B4D6-586892A5645B}
	EndGlobalSection
EndGlobal
